<?xml version="1.0" encoding="utf-8"?>
<Project ToolsVersion="4.0" xmlns="http://schemas.microsoft.com/developer/msbuild/2003">
  <ItemGroup>
    <ClCompile Include="CollisionData.cpp" />
    <ClCompile Include="Contact.cpp" />
    <ClCompile Include="DragGenerator.cpp" />
    <ClCompile Include="GameWorld.cpp" />
    <ClCompile Include="GeneratorForceGravite.cpp" />
    <ClCompile Include="Matrice3.cpp" />
    <ClCompile Include="Matrice4.cpp" />
    <ClCompile Include="MoteurPhysique.cpp" />
    <ClCompile Include="particule.cpp" />
    <ClCompile Include="ParticuleAnchoredSpring.cpp" />
    <ClCompile Include="ParticuleCable.cpp" />
    <ClCompile Include="ParticuleContact.cpp" />
    <ClCompile Include="ParticuleContactGenerator.cpp" />
    <ClCompile Include="ParticuleContactResolver.cpp" />
    <ClCompile Include="ParticuleBouyancy.cpp" />
    <ClCompile Include="ParticuleBungee.cpp" />
    <ClCompile Include="Particuleforcegenerator.cpp" />
    <ClCompile Include="ParticuleLink.cpp" />
    <ClCompile Include="ParticuleSpring.cpp" />
    <ClCompile Include="ParticuleTige.cpp" />
    <ClCompile Include="ParticuleStiffSpring.cpp" />
    <ClCompile Include="Plane.cpp" />
    <ClCompile Include="Primitive.cpp" />
    <ClCompile Include="Quaternion.cpp" />
    <ClCompile Include="RectangleBody.cpp" />
    <ClCompile Include="RegistreForce.cpp" />
    <ClCompile Include="RigidBody.cpp" />
    <ClCompile Include="stdafx.cpp" />
    <ClCompile Include="vecteur2D.cpp" />
    <ClCompile Include="vecteur3D.cpp" />
    <ClCompile Include="vecteur4D.cpp" />
    <ClCompile Include="Sphere.cpp" />
  </ItemGroup>
  <ItemGroup>
    <ClInclude Include="CollisionData.h" />
    <ClInclude Include="Contact.h" />
    <ClInclude Include="DragGenerator.h" />
    <ClInclude Include="GameWorld.h" />
    <ClInclude Include="GeneratorForceGravite.h" />
    <ClInclude Include="GL\freeglut.h" />
    <ClInclude Include="GL\freeglut_ext.h" />
    <ClInclude Include="GL\freeglut_std.h" />
    <ClInclude Include="GL\glut.h" />
    <ClInclude Include="Matrice3.h" />
    <ClInclude Include="Matrice4.h" />
    <ClInclude Include="ParticuleAnchoredSpring.h" />
    <ClInclude Include="ParticuleCable.h" />
    <ClInclude Include="ParticuleContact.h" />
    <ClInclude Include="ParticuleContactGenerator.h" />
    <ClInclude Include="ParticuleContactResolver.h" />
    <ClInclude Include="ParticuleLink.h" />
    <ClInclude Include="ParticuleTige.h" />
    <ClInclude Include="ParticuleBouyancy.h" />
    <ClInclude Include="ParticuleBungee.h" />
    <ClInclude Include="ParticuleStiffSpring.h" />
    <ClInclude Include="Plane.h" />
    <ClInclude Include="Primitive.h" />
    <ClInclude Include="Quaternion.h" />
    <ClInclude Include="RectangleBody.h" />
    <ClInclude Include="RegistreForce.h" />
    <ClInclude Include="MoteurPhysique.h" />
    <ClInclude Include="particule.h" />
    <ClInclude Include="Particuleforcegenerator.h" />
    <ClInclude Include="ParticuleSpring.h" />
    <ClInclude Include="resource.h" />
    <ClInclude Include="RigidBody.h" />
    <ClInclude Include="stdafx.h" />
    <ClInclude Include="targetver.h" />
    <ClInclude Include="vecteur2D.h" />
    <ClInclude Include="vecteur3D.h" />
    <ClInclude Include="vecteur4D.h" />
    <ClInclude Include="Sphere.h" />
  </ItemGroup>
  <ItemGroup>
    <Library Include="freeglut.lib" />
    <Library Include="glew32.lib" />
  </ItemGroup>
  <ItemGroup>
    <ResourceCompile Include="MoteurPhysique.rc" />
  </ItemGroup>
  <ItemGroup>
    <None Include="freeglut.dll" />
    <None Include="glew32.dll" />
  </ItemGroup>
</Project>